
Microsoft Visual Studio Solution File, Format Version 12.00
# Visual Studio Version 17
VisualStudioVersion = 17.0.32014.148
MinimumVisualStudioVersion = 10.0.40219.1
Project("{9A19103F-16F7-4668-BE54-9A1E7A4F7556}") = "Client", "Client\Client.csproj", "{24223178-8FBC-4784-AA91-1123CAC9345D}"
EndProject
Project("{9A19103F-16F7-4668-BE54-9A1E7A4F7556}") = "Api", "Api\Api.csproj", "{D9FB3FCD-9F9F-4B5B-B6B5-E9E46B6D4DDD}"
EndProject
Project("{9A19103F-16F7-4668-BE54-9A1E7A4F7556}") = "SwaAuth.Api", "SwaAuth.Api\SwaAuth.Api.csproj", "{3DFB82F1-2B6C-41EA-933B-FFE5E2E2CCE2}"
EndProject
Project("{9A19103F-16F7-4668-BE54-9A1E7A4F7556}") = "Models", "Models\Models.csproj", "{0EFBA192-2B8E-49C8-9A0A-61805D18EF83}"
EndProject
Project("{9A19103F-16F7-4668-BE54-9A1E7A4F7556}") = "SwaAuth.Models", "SwaAuth.Models\SwaAuth.Models.csproj", "{33BFEF0F-EC4C-4A51-99E4-482A5DD010D0}"
EndProject
Project("{9A19103F-16F7-4668-BE54-9A1E7A4F7556}") = "SwaAuth.Client", "SwaAuth.Client\SwaAuth.Client.csproj", "{5D22096D-1F45-46CD-8C9A-FCBD3D791430}"
EndProject
Project("{2150E333-8FDC-42A3-9474-1A3956D46DE8}") = "Workflows", "Workflows", "{2C9EF2EA-229A-4832-893E-3FA47758FC31}"
	ProjectSection(SolutionItems) = preProject
		.github\workflows\azure-static-web-apps-polite-mud-05c473c03.yml = .github\workflows\azure-static-web-apps-polite-mud-05c473c03.yml
	EndProjectSection
EndProject
Global
	GlobalSection(SolutionConfigurationPlatforms) = preSolution
		Debug|Any CPU = Debug|Any CPU
		Release|Any CPU = Release|Any CPU
	EndGlobalSection
	GlobalSection(ProjectConfigurationPlatforms) = postSolution
		{24223178-8FBC-4784-AA91-1123CAC9345D}.Debug|Any CPU.ActiveCfg = Debug|Any CPU
		{24223178-8FBC-4784-AA91-1123CAC9345D}.Debug|Any CPU.Build.0 = Debug|Any CPU
		{24223178-8FBC-4784-AA91-1123CAC9345D}.Release|Any CPU.ActiveCfg = Release|Any CPU
		{24223178-8FBC-4784-AA91-1123CAC9345D}.Release|Any CPU.Build.0 = Release|Any CPU
		{D9FB3FCD-9F9F-4B5B-B6B5-E9E46B6D4DDD}.Debug|Any CPU.ActiveCfg = Debug|Any CPU
		{D9FB3FCD-9F9F-4B5B-B6B5-E9E46B6D4DDD}.Debug|Any CPU.Build.0 = Debug|Any CPU
		{D9FB3FCD-9F9F-4B5B-B6B5-E9E46B6D4DDD}.Release|Any CPU.ActiveCfg = Release|Any CPU
		{D9FB3FCD-9F9F-4B5B-B6B5-E9E46B6D4DDD}.Release|Any CPU.Build.0 = Release|Any CPU
		{3DFB82F1-2B6C-41EA-933B-FFE5E2E2CCE2}.Debug|Any CPU.ActiveCfg = Debug|Any CPU
		{3DFB82F1-2B6C-41EA-933B-FFE5E2E2CCE2}.Debug|Any CPU.Build.0 = Debug|Any CPU
		{3DFB82F1-2B6C-41EA-933B-FFE5E2E2CCE2}.Release|Any CPU.ActiveCfg = Release|Any CPU
		{3DFB82F1-2B6C-41EA-933B-FFE5E2E2CCE2}.Release|Any CPU.Build.0 = Release|Any CPU
		{0EFBA192-2B8E-49C8-9A0A-61805D18EF83}.Debug|Any CPU.ActiveCfg = Debug|Any CPU
		{0EFBA192-2B8E-49C8-9A0A-61805D18EF83}.Debug|Any CPU.Build.0 = Debug|Any CPU
		{0EFBA192-2B8E-49C8-9A0A-61805D18EF83}.Release|Any CPU.ActiveCfg = Release|Any CPU
		{0EFBA192-2B8E-49C8-9A0A-61805D18EF83}.Release|Any CPU.Build.0 = Release|Any CPU
		{33BFEF0F-EC4C-4A51-99E4-482A5DD010D0}.Debug|Any CPU.ActiveCfg = Debug|Any CPU
		{33BFEF0F-EC4C-4A51-99E4-482A5DD010D0}.Debug|Any CPU.Build.0 = Debug|Any CPU
		{33BFEF0F-EC4C-4A51-99E4-482A5DD010D0}.Release|Any CPU.ActiveCfg = Release|Any CPU
		{33BFEF0F-EC4C-4A51-99E4-482A5DD010D0}.Release|Any CPU.Build.0 = Release|Any CPU
		{5D22096D-1F45-46CD-8C9A-FCBD3D791430}.Debug|Any CPU.ActiveCfg = Debug|Any CPU
		{5D22096D-1F45-46CD-8C9A-FCBD3D791430}.Debug|Any CPU.Build.0 = Debug|Any CPU
		{5D22096D-1F45-46CD-8C9A-FCBD3D791430}.Release|Any CPU.ActiveCfg = Release|Any CPU
		{5D22096D-1F45-46CD-8C9A-FCBD3D791430}.Release|Any CPU.Build.0 = Release|Any CPU
	EndGlobalSection
	GlobalSection(SolutionProperties) = preSolution
		HideSolutionNode = FALSE
	EndGlobalSection
	GlobalSection(ExtensibilityGlobals) = postSolution
		SolutionGuid = {2DC2ADE9-2B39-4FF2-8AF3-1C49E650CA32}
	EndGlobalSection
EndGlobal
