
Microsoft Visual Studio Solution File, Format Version 12.00
# Visual Studio Version 17
VisualStudioVersion = 17.0.32014.148
MinimumVisualStudioVersion = 10.0.40219.1
Project("{2150E333-8FDC-42A3-9474-1A3956D46DE8}") = "Workflows", "Workflows", "{2C9EF2EA-229A-4832-893E-3FA47758FC31}"
	ProjectSection(SolutionItems) = preProject
		.github\workflows\azure-static-web-apps-polite-mud-05c473c03.yml = .github\workflows\azure-static-web-apps-polite-mud-05c473c03.yml
	EndProjectSection
EndProject
Project("{FAE04EC0-301F-11D3-BF4B-00C04F79EFBC}") = "Client", "Client\Client.csproj", "{2F571D20-EC90-4151-832F-C96F5BA61D99}"
EndProject
Project("{FAE04EC0-301F-11D3-BF4B-00C04F79EFBC}") = "Api", "Api\Api.csproj", "{37E5D348-3D99-4A33-8B9C-24AD0DA23264}"
EndProject
Global
	GlobalSection(SolutionConfigurationPlatforms) = preSolution
		Debug|Any CPU = Debug|Any CPU
		Release|Any CPU = Release|Any CPU
	EndGlobalSection
	GlobalSection(ProjectConfigurationPlatforms) = postSolution
		{2F571D20-EC90-4151-832F-C96F5BA61D99}.Debug|Any CPU.ActiveCfg = Debug|Any CPU
		{2F571D20-EC90-4151-832F-C96F5BA61D99}.Debug|Any CPU.Build.0 = Debug|Any CPU
		{2F571D20-EC90-4151-832F-C96F5BA61D99}.Release|Any CPU.ActiveCfg = Release|Any CPU
		{2F571D20-EC90-4151-832F-C96F5BA61D99}.Release|Any CPU.Build.0 = Release|Any CPU
		{37E5D348-3D99-4A33-8B9C-24AD0DA23264}.Debug|Any CPU.ActiveCfg = Debug|Any CPU
		{37E5D348-3D99-4A33-8B9C-24AD0DA23264}.Debug|Any CPU.Build.0 = Debug|Any CPU
		{37E5D348-3D99-4A33-8B9C-24AD0DA23264}.Release|Any CPU.ActiveCfg = Release|Any CPU
		{37E5D348-3D99-4A33-8B9C-24AD0DA23264}.Release|Any CPU.Build.0 = Release|Any CPU
	EndGlobalSection
	GlobalSection(SolutionProperties) = preSolution
		HideSolutionNode = FALSE
	EndGlobalSection
	GlobalSection(ExtensibilityGlobals) = postSolution
		SolutionGuid = {2DC2ADE9-2B39-4FF2-8AF3-1C49E650CA32}
	EndGlobalSection
EndGlobal
